{
    "_meta": {
        "hash": {
            "sha256": "f965217c4cd168ef9f1d221fdf0c600877f48b2be6dd12bd2e0f3087d4e92891"
        },
        "pipfile-spec": 6,
        "requires": {
            "python_version": "2.7"
        },
        "sources": [
            {
                "name": "pypi",
                "url": "https://pypi.org/simple",
                "verify_ssl": true
            }
        ]
    },
    "default": {
        "django": {
            "hashes": [
                "sha256:52a66d7f8b036d02da0a4472359e8be1727424fc1e4b4f5c684ef97de7b569e1",
                "sha256:c85b8c95366e187ca0581d45a6e508107ca4bd38cb45c24aa09d3572074c523d"
            ],
            "version": "==1.11.23"
        },
        "pytz": {
            "hashes": [
                "sha256:1c557d7d0e871de1f5ccd5833f60fb2550652da6be2693c1e02300743d21500d",
                "sha256:b02c06db6cf09c12dd25137e563b31700d3b80fcc4ad23abb7a315f2789819be"
            ],
            "version": "==2019.3"
        }
    },
    "develop": {
        "invoke": {
            "hashes": [
                "sha256:4f4de934b15c2276caa4fbc5a3b8a61c0eb0b234f2be1780d2b793321995c2d6",
                "sha256:dc492f8f17a0746e92081aec3f86ae0b4750bf41607ea2ad87e5a7b5705121b7",
                "sha256:eb6f9262d4d25b40330fb21d1e99bf0f85011ccc3526980f8a3eaedd4b43892e"
            ],
            "version": "==1.2.0"
        }
    }
}
